{
  "name": "backend",
  "version": "1.0.0",
  "lockfileVersion": 1,
  "requires": true,
  "dependencies": {
    "@ethersproject/abi": {
      "version": "5.1.2",
      "resolved": "https://registry.npmjs.org/@ethersproject/abi/-/abi-5.1.2.tgz",
      "integrity": "sha512-uMhoQVPX0UtfzTpekYQSEUcJGDgsJ25ifz+SV6PDETWaUFhcR8RNgb1QPTASP13inW8r6iy0/Xdq9D5hK2pNvA==",
      "requires": {
        "@ethersproject/address": "^5.1.0",
        "@ethersproject/bignumber": "^5.1.0",
        "@ethersproject/bytes": "^5.1.0",
        "@ethersproject/constants": "^5.1.0",
        "@ethersproject/hash": "^5.1.0",
        "@ethersproject/keccak256": "^5.1.0",
        "@ethersproject/logger": "^5.1.0",
        "@ethersproject/properties": "^5.1.0",
        "@ethersproject/strings": "^5.1.0"
      }
    },
    "@ethersproject/abstract-provider": {
      "version": "5.1.0",
      "resolved": "https://registry.npmjs.org/@ethersproject/abstract-provider/-/abstract-provider-5.1.0.tgz",
      "integrity": "sha512-8dJUnT8VNvPwWhYIau4dwp7qe1g+KgdRm4XTWvjkI9gAT2zZa90WF5ApdZ3vl1r6NDmnn6vUVvyphClRZRteTQ==",
      "requires": {
        "@ethersproject/bignumber": "^5.1.0",
        "@ethersproject/bytes": "^5.1.0",
        "@ethersproject/logger": "^5.1.0",
        "@ethersproject/networks": "^5.1.0",
        "@ethersproject/properties": "^5.1.0",
        "@ethersproject/transactions": "^5.1.0",
        "@ethersproject/web": "^5.1.0"
      }
    },
    "@ethersproject/abstract-signer": {
      "version": "5.1.0",
      "resolved": "https://registry.npmjs.org/@ethersproject/abstract-signer/-/abstract-signer-5.1.0.tgz",
      "integrity": "sha512-qQDMkjGZSSJSKl6AnfTgmz9FSnzq3iEoEbHTYwjDlEAv+LNP7zd4ixCcVWlWyk+2siud856M5CRhAmPdupeN9w==",
      "requires": {
        "@ethersproject/abstract-provider": "^5.1.0",
        "@ethersproject/bignumber": "^5.1.0",
        "@ethersproject/bytes": "^5.1.0",
        "@ethersproject/logger": "^5.1.0",
        "@ethersproject/properties": "^5.1.0"
      }
    },
    "@ethersproject/address": {
      "version": "5.1.0",
      "resolved": "https://registry.npmjs.org/@ethersproject/address/-/address-5.1.0.tgz",
      "integrity": "sha512-rfWQR12eHn2cpstCFS4RF7oGjfbkZb0oqep+BfrT+gWEGWG2IowJvIsacPOvzyS1jhNF4MQ4BS59B04Mbovteg==",
      "requires": {
        "@ethersproject/bignumber": "^5.1.0",
        "@ethersproject/bytes": "^5.1.0",
        "@ethersproject/keccak256": "^5.1.0",
        "@ethersproject/logger": "^5.1.0",
        "@ethersproject/rlp": "^5.1.0"
      }
    },
    "@ethersproject/base64": {
      "version": "5.1.0",
      "resolved": "https://registry.npmjs.org/@ethersproject/base64/-/base64-5.1.0.tgz",
      "integrity": "sha512-npD1bLvK4Bcxz+m4EMkx+F8Rd7CnqS9DYnhNu0/GlQBXhWjvfoAZzk5HJ0f1qeyp8d+A86PTuzLOGOXf4/CN8g==",
      "requires": {
        "@ethersproject/bytes": "^5.1.0"
      }
    },
    "@ethersproject/basex": {
      "version": "5.1.0",
      "resolved": "https://registry.npmjs.org/@ethersproject/basex/-/basex-5.1.0.tgz",
      "integrity": "sha512-vBKr39bum7DDbOvkr1Sj19bRMEPA4FnST6Utt6xhDzI7o7L6QNkDn2yrCfP+hnvJGhZFKtLygWwqlTBZoBXYLg==",
      "requires": {
        "@ethersproject/bytes": "^5.1.0",
        "@ethersproject/properties": "^5.1.0"
      }
    },
    "@ethersproject/bignumber": {
      "version": "5.1.1",
      "resolved": "https://registry.npmjs.org/@ethersproject/bignumber/-/bignumber-5.1.1.tgz",
      "integrity": "sha512-AVz5iqz7+70RIqoQTznsdJ6DOVBYciNlvO+AlQmPTB6ofCvoihI9bQdr6wljsX+d5W7Yc4nyvQvP4JMzg0Agig==",
      "requires": {
        "@ethersproject/bytes": "^5.1.0",
        "@ethersproject/logger": "^5.1.0",
        "bn.js": "^4.4.0"
      }
    },
    "@ethersproject/bytes": {
      "version": "5.1.0",
      "resolved": "https://registry.npmjs.org/@ethersproject/bytes/-/bytes-5.1.0.tgz",
      "integrity": "sha512-sGTxb+LVjFxJcJeUswAIK6ncgOrh3D8c192iEJd7mLr95V6du119rRfYT/b87WPkZ5I3gRBUYIYXtdgCWACe8g==",
      "requires": {
        "@ethersproject/logger": "^5.1.0"
      }
    },
    "@ethersproject/constants": {
      "version": "5.1.0",
      "resolved": "https://registry.npmjs.org/@ethersproject/constants/-/constants-5.1.0.tgz",
      "integrity": "sha512-0/SuHrxc8R8k+JiLmJymxHJbojUDWBQqO+b+XFdwaP0jGzqC09YDy/CAlSZB6qHsBifY8X3I89HcK/oMqxRdBw==",
      "requires": {
        "@ethersproject/bignumber": "^5.1.0"
      }
    },
    "@ethersproject/contracts": {
      "version": "5.1.1",
      "resolved": "https://registry.npmjs.org/@ethersproject/contracts/-/contracts-5.1.1.tgz",
      "integrity": "sha512-6WwktLJ0DFWU8pDkgH4IGttQHhQN4SnwKFu9h+QYVe48VGWtbDu4W8/q/7QA1u/HWlWMrKxqawPiZUJj0UMvOw==",
      "requires": {
        "@ethersproject/abi": "^5.1.0",
        "@ethersproject/abstract-provider": "^5.1.0",
        "@ethersproject/abstract-signer": "^5.1.0",
        "@ethersproject/address": "^5.1.0",
        "@ethersproject/bignumber": "^5.1.0",
        "@ethersproject/bytes": "^5.1.0",
        "@ethersproject/constants": "^5.1.0",
        "@ethersproject/logger": "^5.1.0",
        "@ethersproject/properties": "^5.1.0",
        "@ethersproject/transactions": "^5.1.0"
      }
    },
    "@ethersproject/hash": {
      "version": "5.1.0",
      "resolved": "https://registry.npmjs.org/@ethersproject/hash/-/hash-5.1.0.tgz",
      "integrity": "sha512-fNwry20yLLPpnRRwm3fBL+2ksgO+KMadxM44WJmRIoTKzy4269+rbq9KFoe2LTqq2CXJM2CE70beGaNrpuqflQ==",
      "requires": {
        "@ethersproject/abstract-signer": "^5.1.0",
        "@ethersproject/address": "^5.1.0",
        "@ethersproject/bignumber": "^5.1.0",
        "@ethersproject/bytes": "^5.1.0",
        "@ethersproject/keccak256": "^5.1.0",
        "@ethersproject/logger": "^5.1.0",
        "@ethersproject/properties": "^5.1.0",
        "@ethersproject/strings": "^5.1.0"
      }
    },
    "@ethersproject/hdnode": {
      "version": "5.1.0",
      "resolved": "https://registry.npmjs.org/@ethersproject/hdnode/-/hdnode-5.1.0.tgz",
      "integrity": "sha512-obIWdlujloExPHWJGmhJO/sETOOo7SEb6qemV4f8kyFoXg+cJK+Ta9SvBrj7hsUK85n3LZeZJZRjjM7oez3Clg==",
      "requires": {
        "@ethersproject/abstract-signer": "^5.1.0",
        "@ethersproject/basex": "^5.1.0",
        "@ethersproject/bignumber": "^5.1.0",
        "@ethersproject/bytes": "^5.1.0",
        "@ethersproject/logger": "^5.1.0",
        "@ethersproject/pbkdf2": "^5.1.0",
        "@ethersproject/properties": "^5.1.0",
        "@ethersproject/sha2": "^5.1.0",
        "@ethersproject/signing-key": "^5.1.0",
        "@ethersproject/strings": "^5.1.0",
        "@ethersproject/transactions": "^5.1.0",
        "@ethersproject/wordlists": "^5.1.0"
      }
    },
    "@ethersproject/json-wallets": {
      "version": "5.1.0",
      "resolved": "https://registry.npmjs.org/@ethersproject/json-wallets/-/json-wallets-5.1.0.tgz",
      "integrity": "sha512-00n2iBy27w8zrGZSiU762UOVuzCQZxUZxopsZC47++js6xUFuI74DHcJ5K/2pddlF1YBskvmMuboEu1geK8mnA==",
      "requires": {
        "@ethersproject/abstract-signer": "^5.1.0",
        "@ethersproject/address": "^5.1.0",
        "@ethersproject/bytes": "^5.1.0",
        "@ethersproject/hdnode": "^5.1.0",
        "@ethersproject/keccak256": "^5.1.0",
        "@ethersproject/logger": "^5.1.0",
        "@ethersproject/pbkdf2": "^5.1.0",
        "@ethersproject/properties": "^5.1.0",
        "@ethersproject/random": "^5.1.0",
        "@ethersproject/strings": "^5.1.0",
        "@ethersproject/transactions": "^5.1.0",
        "aes-js": "3.0.0",
        "scrypt-js": "3.0.1"
      }
    },
    "@ethersproject/keccak256": {
      "version": "5.1.0",
      "resolved": "https://registry.npmjs.org/@ethersproject/keccak256/-/keccak256-5.1.0.tgz",
      "integrity": "sha512-vrTB1W6AEYoadww5c9UyVJ2YcSiyIUTNDRccZIgwTmFFoSHwBtcvG1hqy9RzJ1T0bMdATbM9Hfx2mJ6H0i7Hig==",
      "requires": {
        "@ethersproject/bytes": "^5.1.0",
        "js-sha3": "0.5.7"
      }
    },
    "@ethersproject/logger": {
      "version": "5.1.0",
      "resolved": "https://registry.npmjs.org/@ethersproject/logger/-/logger-5.1.0.tgz",
      "integrity": "sha512-wtUaD1lBX10HBXjjKV9VHCBnTdUaKQnQ2XSET1ezglqLdPdllNOIlLfhyCRqXm5xwcjExVI5ETokOYfjPtaAlw=="
    },
    "@ethersproject/networks": {
      "version": "5.1.0",
      "resolved": "https://registry.npmjs.org/@ethersproject/networks/-/networks-5.1.0.tgz",
      "integrity": "sha512-A/NIrIED/G/IgU1XUukOA3WcFRxn2I4O5GxsYGA5nFlIi+UZWdGojs85I1VXkR1gX9eFnDXzjE6OtbgZHjFhIA==",
      "requires": {
        "@ethersproject/logger": "^5.1.0"
      }
    },
    "@ethersproject/pbkdf2": {
      "version": "5.1.0",
      "resolved": "https://registry.npmjs.org/@ethersproject/pbkdf2/-/pbkdf2-5.1.0.tgz",
      "integrity": "sha512-B8cUbHHTgs8OtgJIafrRcz/YPDobVd5Ru8gTnShOiM9EBuFpYHQpq3+8iQJ6pyczDu6HP/oc/njAsIBhwFZYew==",
      "requires": {
        "@ethersproject/bytes": "^5.1.0",
        "@ethersproject/sha2": "^5.1.0"
      }
    },
    "@ethersproject/properties": {
      "version": "5.1.0",
      "resolved": "https://registry.npmjs.org/@ethersproject/properties/-/properties-5.1.0.tgz",
      "integrity": "sha512-519KKTwgmH42AQL3+GFV3SX6khYEfHsvI6v8HYejlkigSDuqttdgVygFTDsGlofNFchhDwuclrxQnD5B0YLNMg==",
      "requires": {
        "@ethersproject/logger": "^5.1.0"
      }
    },
    "@ethersproject/providers": {
      "version": "5.1.2",
      "resolved": "https://registry.npmjs.org/@ethersproject/providers/-/providers-5.1.2.tgz",
      "integrity": "sha512-GqsS8rd+eyd4eNkcNgzZ4l9IRULBPUZa7JPnv22k4MHflMobUseyhfbVnmoN5bVNNkOxjV1IPTw9i0sV1hwdpg==",
      "requires": {
        "@ethersproject/abstract-provider": "^5.1.0",
        "@ethersproject/abstract-signer": "^5.1.0",
        "@ethersproject/address": "^5.1.0",
        "@ethersproject/basex": "^5.1.0",
        "@ethersproject/bignumber": "^5.1.0",
        "@ethersproject/bytes": "^5.1.0",
        "@ethersproject/constants": "^5.1.0",
        "@ethersproject/hash": "^5.1.0",
        "@ethersproject/logger": "^5.1.0",
        "@ethersproject/networks": "^5.1.0",
        "@ethersproject/properties": "^5.1.0",
        "@ethersproject/random": "^5.1.0",
        "@ethersproject/rlp": "^5.1.0",
        "@ethersproject/sha2": "^5.1.0",
        "@ethersproject/strings": "^5.1.0",
        "@ethersproject/transactions": "^5.1.0",
        "@ethersproject/web": "^5.1.0",
        "bech32": "1.1.4",
        "ws": "7.2.3"
      }
    },
    "@ethersproject/random": {
      "version": "5.1.0",
      "resolved": "https://registry.npmjs.org/@ethersproject/random/-/random-5.1.0.tgz",
      "integrity": "sha512-+uuczLQZ4+no9cP6TCoCktXx0u2YbNaRT7lRkSt12d8263e702f0u+4JnnRO8Qmv5nylWJebnqCHzyxP+6mLqw==",
      "requires": {
        "@ethersproject/bytes": "^5.1.0",
        "@ethersproject/logger": "^5.1.0"
      }
    },
    "@ethersproject/rlp": {
      "version": "5.1.0",
      "resolved": "https://registry.npmjs.org/@ethersproject/rlp/-/rlp-5.1.0.tgz",
      "integrity": "sha512-vDTyHIwNPrecy55gKGZ47eJZhBm8LLBxihzi5ou+zrSvYTpkSTWRcKUlXFDFQVwfWB+P5PGyERAdiDEI76clxw==",
      "requires": {
        "@ethersproject/bytes": "^5.1.0",
        "@ethersproject/logger": "^5.1.0"
      }
    },
    "@ethersproject/sha2": {
      "version": "5.1.0",
      "resolved": "https://registry.npmjs.org/@ethersproject/sha2/-/sha2-5.1.0.tgz",
      "integrity": "sha512-+fNSeZRstOpdRJpdGUkRONFCaiAqWkc91zXgg76Nlp5ndBQE25Kk5yK8gCPG1aGnCrbariiPr5j9DmrYH78JCA==",
      "requires": {
        "@ethersproject/bytes": "^5.1.0",
        "@ethersproject/logger": "^5.1.0",
        "hash.js": "1.1.3"
      },
      "dependencies": {
        "hash.js": {
          "version": "1.1.3",
          "resolved": "https://registry.npmjs.org/hash.js/-/hash.js-1.1.3.tgz",
          "integrity": "sha512-/UETyP0W22QILqS+6HowevwhEFJ3MBJnwTf75Qob9Wz9t0DPuisL8kW8YZMK62dHAKE1c1p+gY1TtOLY+USEHA==",
          "requires": {
            "inherits": "^2.0.3",
            "minimalistic-assert": "^1.0.0"
          }
        }
      }
    },
    "@ethersproject/signing-key": {
      "version": "5.1.0",
      "resolved": "https://registry.npmjs.org/@ethersproject/signing-key/-/signing-key-5.1.0.tgz",
      "integrity": "sha512-tE5LFlbmdObG8bY04NpuwPWSRPgEswfxweAI1sH7TbP0ml1elNfqcq7ii/3AvIN05i5U0Pkm3Tf8bramt8MmLw==",
      "requires": {
        "@ethersproject/bytes": "^5.1.0",
        "@ethersproject/logger": "^5.1.0",
        "@ethersproject/properties": "^5.1.0",
        "bn.js": "^4.4.0",
        "elliptic": "6.5.4"
      }
    },
    "@ethersproject/solidity": {
      "version": "5.1.0",
      "resolved": "https://registry.npmjs.org/@ethersproject/solidity/-/solidity-5.1.0.tgz",
      "integrity": "sha512-kPodsGyo9zg1g9XSXp1lGhFaezBAUUsAUB1Vf6OkppE5Wksg4Et+x3kG4m7J/uShDMP2upkJtHNsIBK2XkVpKQ==",
      "requires": {
        "@ethersproject/bignumber": "^5.1.0",
        "@ethersproject/bytes": "^5.1.0",
        "@ethersproject/keccak256": "^5.1.0",
        "@ethersproject/sha2": "^5.1.0",
        "@ethersproject/strings": "^5.1.0"
      }
    },
    "@ethersproject/strings": {
      "version": "5.1.0",
      "resolved": "https://registry.npmjs.org/@ethersproject/strings/-/strings-5.1.0.tgz",
      "integrity": "sha512-perBZy0RrmmL0ejiFGUOlBVjMsUceqLut3OBP3zP96LhiJWWbS8u1NqQVgN4/Gyrbziuda66DxiQocXhsvx+Sw==",
      "requires": {
        "@ethersproject/bytes": "^5.1.0",
        "@ethersproject/constants": "^5.1.0",
        "@ethersproject/logger": "^5.1.0"
      }
    },
    "@ethersproject/transactions": {
      "version": "5.1.1",
      "resolved": "https://registry.npmjs.org/@ethersproject/transactions/-/transactions-5.1.1.tgz",
      "integrity": "sha512-Nwgbp09ttIVN0OoUBatCXaHxR7grWPHbozJN8v7AXDLrl6nnOIBEMDh+yJTnosSQlFhcyjfTGGN+Mx6R8HdvMw==",
      "requires": {
        "@ethersproject/address": "^5.1.0",
        "@ethersproject/bignumber": "^5.1.0",
        "@ethersproject/bytes": "^5.1.0",
        "@ethersproject/constants": "^5.1.0",
        "@ethersproject/keccak256": "^5.1.0",
        "@ethersproject/logger": "^5.1.0",
        "@ethersproject/properties": "^5.1.0",
        "@ethersproject/rlp": "^5.1.0",
        "@ethersproject/signing-key": "^5.1.0"
      }
    },
    "@ethersproject/units": {
      "version": "5.1.0",
      "resolved": "https://registry.npmjs.org/@ethersproject/units/-/units-5.1.0.tgz",
      "integrity": "sha512-isvJrx6qG0nKWfxsGORNjmOq/nh175fStfvRTA2xEKrGqx8JNJY83fswu4GkILowfriEM/eYpretfJnfzi7YhA==",
      "requires": {
        "@ethersproject/bignumber": "^5.1.0",
        "@ethersproject/constants": "^5.1.0",
        "@ethersproject/logger": "^5.1.0"
      }
    },
    "@ethersproject/wallet": {
      "version": "5.1.0",
      "resolved": "https://registry.npmjs.org/@ethersproject/wallet/-/wallet-5.1.0.tgz",
      "integrity": "sha512-ULmUtiYQLTUS+y3DgkLzRhFEK10zMwmjOthnjiZxee3Q/MVwr3rnmuAnXIUZrPjna6hvUPnyRIdW5XuF0Ld0YQ==",
      "requires": {
        "@ethersproject/abstract-provider": "^5.1.0",
        "@ethersproject/abstract-signer": "^5.1.0",
        "@ethersproject/address": "^5.1.0",
        "@ethersproject/bignumber": "^5.1.0",
        "@ethersproject/bytes": "^5.1.0",
        "@ethersproject/hash": "^5.1.0",
        "@ethersproject/hdnode": "^5.1.0",
        "@ethersproject/json-wallets": "^5.1.0",
        "@ethersproject/keccak256": "^5.1.0",
        "@ethersproject/logger": "^5.1.0",
        "@ethersproject/properties": "^5.1.0",
        "@ethersproject/random": "^5.1.0",
        "@ethersproject/signing-key": "^5.1.0",
        "@ethersproject/transactions": "^5.1.0",
        "@ethersproject/wordlists": "^5.1.0"
      }
    },
    "@ethersproject/web": {
      "version": "5.1.0",
      "resolved": "https://registry.npmjs.org/@ethersproject/web/-/web-5.1.0.tgz",
      "integrity": "sha512-LTeluWgTq04+RNqAkVhpydPcRZK/kKxD2Vy7PYGrAD27ABO9kTqTBKwiOuzTyAHKUQHfnvZbXmxBXJAGViSDcA==",
      "requires": {
        "@ethersproject/base64": "^5.1.0",
        "@ethersproject/bytes": "^5.1.0",
        "@ethersproject/logger": "^5.1.0",
        "@ethersproject/properties": "^5.1.0",
        "@ethersproject/strings": "^5.1.0"
      }
    },
    "@ethersproject/wordlists": {
      "version": "5.1.0",
      "resolved": "https://registry.npmjs.org/@ethersproject/wordlists/-/wordlists-5.1.0.tgz",
      "integrity": "sha512-NsUCi/TpBb+oTFvMSccUkJGtp5o/84eOyqp5q5aBeiNBSLkYyw21znRn9mAmxZgySpxgruVgKbaapnYPgvctPQ==",
      "requires": {
        "@ethersproject/bytes": "^5.1.0",
        "@ethersproject/hash": "^5.1.0",
        "@ethersproject/logger": "^5.1.0",
        "@ethersproject/properties": "^5.1.0",
        "@ethersproject/strings": "^5.1.0"
      }
    },
    "@koa/cors": {
      "version": "3.1.0",
      "resolved": "https://registry.npmjs.org/@koa/cors/-/cors-3.1.0.tgz",
      "integrity": "sha512-7ulRC1da/rBa6kj6P4g2aJfnET3z8Uf3SWu60cjbtxTA5g8lxRdX/Bd2P92EagGwwAhANeNw8T8if99rJliR6Q==",
      "requires": {
        "vary": "^1.1.2"
      }
    },
    "@koa/router": {
      "version": "10.0.0",
      "resolved": "https://registry.npmjs.org/@koa/router/-/router-10.0.0.tgz",
      "integrity": "sha512-z9ytrKWn/j/qUApMSJzZbUwkbLcN2ZXGq6UsqWkZb50Us+/Qpu0RwgZ6ytawVOhfFBZ1ai5iVWeD2Dcu0qcnJw==",
      "requires": {
        "debug": "^4.1.1",
        "http-errors": "^1.7.3",
        "koa-compose": "^4.1.0",
        "methods": "^1.1.2",
        "path-to-regexp": "^6.1.0"
      }
    },
    "@types/bson": {
      "version": "4.0.3",
      "resolved": "https://registry.npmjs.org/@types/bson/-/bson-4.0.3.tgz",
      "integrity": "sha512-mVRvYnTOZJz3ccpxhr3wgxVmSeiYinW+zlzQz3SXWaJmD1DuL05Jeq7nKw3SnbKmbleW5qrLG5vdyWe/A9sXhw==",
      "requires": {
        "@types/node": "*"
      }
    },
    "@types/mongodb": {
      "version": "3.6.12",
      "resolved": "https://registry.npmjs.org/@types/mongodb/-/mongodb-3.6.12.tgz",
      "integrity": "sha512-49aEzQD5VdHPxyd5dRyQdqEveAg9LanwrH8RQipnMuulwzKmODXIZRp0umtxi1eBUfEusRkoy8AVOMr+kVuFog==",
      "requires": {
        "@types/bson": "*",
        "@types/node": "*"
      }
    },
    "@types/node": {
      "version": "15.0.2",
      "resolved": "https://registry.npmjs.org/@types/node/-/node-15.0.2.tgz",
      "integrity": "sha512-p68+a+KoxpoB47015IeYZYRrdqMUcpbK8re/zpFB8Ld46LHC1lPEbp3EXgkEhAYEcPvjJF6ZO+869SQ0aH1dcA=="
    },
    "accepts": {
      "version": "1.3.7",
      "resolved": "https://registry.npmjs.org/accepts/-/accepts-1.3.7.tgz",
      "integrity": "sha512-Il80Qs2WjYlJIBNzNkK6KYqlVMTbZLXgHx2oT0pU/fjRHyEp+PEfEPY0R3WCwAGVOtauxh1hOxNgIf5bv7dQpA==",
      "requires": {
        "mime-types": "~2.1.24",
        "negotiator": "0.6.2"
      }
    },
    "aes-js": {
      "version": "3.0.0",
      "resolved": "https://registry.npmjs.org/aes-js/-/aes-js-3.0.0.tgz",
      "integrity": "sha1-4h3xCtbCBTKVvLuNq0Cwnb6ofk0="
    },
    "any-promise": {
      "version": "1.3.0",
      "resolved": "https://registry.npmjs.org/any-promise/-/any-promise-1.3.0.tgz",
      "integrity": "sha1-q8av7tzqUugJzcA3au0845Y10X8="
    },
    "bech32": {
      "version": "1.1.4",
      "resolved": "https://registry.npmjs.org/bech32/-/bech32-1.1.4.tgz",
      "integrity": "sha512-s0IrSOzLlbvX7yp4WBfPITzpAU8sqQcpsmwXDiKwrG4r491vwCO/XpejasRNl0piBMe/DvP4Tz0mIS/X1DPJBQ=="
    },
    "bl": {
      "version": "2.2.1",
      "resolved": "https://registry.npmjs.org/bl/-/bl-2.2.1.tgz",
      "integrity": "sha512-6Pesp1w0DEX1N550i/uGV/TqucVL4AM/pgThFSN/Qq9si1/DF9aIHs1BxD8V/QU0HoeHO6cQRTAuYnLPKq1e4g==",
      "requires": {
        "readable-stream": "^2.3.5",
        "safe-buffer": "^5.1.1"
      }
    },
    "bluebird": {
      "version": "3.5.1",
      "resolved": "https://registry.npmjs.org/bluebird/-/bluebird-3.5.1.tgz",
      "integrity": "sha512-MKiLiV+I1AA596t9w1sQJ8jkiSr5+ZKi0WKrYGUn6d1Fx+Ij4tIj+m2WMQSGczs5jZVxV339chE8iwk6F64wjA=="
    },
    "bn.js": {
      "version": "4.12.0",
      "resolved": "https://registry.npmjs.org/bn.js/-/bn.js-4.12.0.tgz",
      "integrity": "sha512-c98Bf3tPniI+scsdk237ku1Dc3ujXQTSgyiPUDEOe7tRkhrqridvh8klBv0HCEso1OLOYcHuCv/cS6DNxKH+ZA=="
    },
    "brorand": {
      "version": "1.1.0",
      "resolved": "https://registry.npmjs.org/brorand/-/brorand-1.1.0.tgz",
      "integrity": "sha1-EsJe/kCkXjwyPrhnWgoM5XsiNx8="
    },
    "bson": {
      "version": "1.1.6",
      "resolved": "https://registry.npmjs.org/bson/-/bson-1.1.6.tgz",
      "integrity": "sha512-EvVNVeGo4tHxwi8L6bPj3y3itEvStdwvvlojVxxbyYfoaxJ6keLgrTuKdyfEAszFK+H3olzBuafE0yoh0D1gdg=="
    },
    "cache-content-type": {
      "version": "1.0.1",
      "resolved": "https://registry.npmjs.org/cache-content-type/-/cache-content-type-1.0.1.tgz",
      "integrity": "sha512-IKufZ1o4Ut42YUrZSo8+qnMTrFuKkvyoLXUywKz9GJ5BrhOFGhLdkx9sG4KAnVvbY6kEcSFjLQul+DVmBm2bgA==",
      "requires": {
        "mime-types": "^2.1.18",
        "ylru": "^1.2.0"
      }
    },
    "co": {
      "version": "4.6.0",
      "resolved": "https://registry.npmjs.org/co/-/co-4.6.0.tgz",
      "integrity": "sha1-bqa989hTrlTMuOR7+gvz+QMfsYQ="
    },
    "content-disposition": {
      "version": "0.5.3",
      "resolved": "https://registry.npmjs.org/content-disposition/-/content-disposition-0.5.3.tgz",
      "integrity": "sha512-ExO0774ikEObIAEV9kDo50o+79VCUdEB6n6lzKgGwupcVeRlhrj3qGAfwq8G6uBJjkqLrhT0qEYFcWng8z1z0g==",
      "requires": {
        "safe-buffer": "5.1.2"
      }
    },
    "content-type": {
      "version": "1.0.4",
      "resolved": "https://registry.npmjs.org/content-type/-/content-type-1.0.4.tgz",
      "integrity": "sha512-hIP3EEPs8tB9AT1L+NUqtwOAps4mk2Zob89MWXMHjHWg9milF/j4osnnQLXBCBFBk/tvIG/tUc9mOUJiPBhPXA=="
    },
    "cookies": {
      "version": "0.8.0",
      "resolved": "https://registry.npmjs.org/cookies/-/cookies-0.8.0.tgz",
      "integrity": "sha512-8aPsApQfebXnuI+537McwYsDtjVxGm8gTIzQI3FDW6t5t/DAhERxtnbEPN/8RX+uZthoz4eCOgloXaE5cYyNow==",
      "requires": {
        "depd": "~2.0.0",
        "keygrip": "~1.1.0"
      },
      "dependencies": {
        "depd": {
          "version": "2.0.0",
          "resolved": "https://registry.npmjs.org/depd/-/depd-2.0.0.tgz",
          "integrity": "sha512-g7nH6P6dyDioJogAAGprGpCtVImJhpPk/roCzdb3fIh61/s/nPsfR6onyMwkCAR/OlC3yBC0lESvUoQEAssIrw=="
        }
      }
    },
    "core-util-is": {
      "version": "1.0.2",
      "resolved": "https://registry.npmjs.org/core-util-is/-/core-util-is-1.0.2.tgz",
      "integrity": "sha1-tf1UIgqivFq1eqtxQMlAdUUDwac="
    },
    "debug": {
      "version": "4.3.1",
      "resolved": "https://registry.npmjs.org/debug/-/debug-4.3.1.tgz",
      "integrity": "sha512-doEwdvm4PCeK4K3RQN2ZC2BYUBaxwLARCqZmMjtF8a51J2Rb0xpVloFRnCODwqjpwnAoao4pelN8l3RJdv3gRQ==",
      "requires": {
        "ms": "2.1.2"
      }
    },
    "deep-equal": {
      "version": "1.0.1",
      "resolved": "https://registry.npmjs.org/deep-equal/-/deep-equal-1.0.1.tgz",
      "integrity": "sha1-9dJgKStmDghO/0zbyfCK0yR0SLU="
    },
    "delegates": {
      "version": "1.0.0",
      "resolved": "https://registry.npmjs.org/delegates/-/delegates-1.0.0.tgz",
      "integrity": "sha1-hMbhWbgZBP3KWaDvRM2HDTElD5o="
    },
    "denque": {
      "version": "1.5.0",
      "resolved": "https://registry.npmjs.org/denque/-/denque-1.5.0.tgz",
      "integrity": "sha512-CYiCSgIF1p6EUByQPlGkKnP1M9g0ZV3qMIrqMqZqdwazygIA/YP2vrbcyl1h/WppKJTdl1F85cXIle+394iDAQ=="
    },
    "depd": {
      "version": "1.1.2",
      "resolved": "https://registry.npmjs.org/depd/-/depd-1.1.2.tgz",
      "integrity": "sha1-m81S4UwJd2PnSbJ0xDRu0uVgtak="
    },
    "destroy": {
      "version": "1.0.4",
      "resolved": "https://registry.npmjs.org/destroy/-/destroy-1.0.4.tgz",
      "integrity": "sha1-l4hXRCxEdJ5CBmE+N5RiBYJqvYA="
    },
    "ee-first": {
      "version": "1.1.1",
      "resolved": "https://registry.npmjs.org/ee-first/-/ee-first-1.1.1.tgz",
      "integrity": "sha1-WQxhFWsK4vTwJVcyoViyZrxWsh0="
    },
    "elliptic": {
      "version": "6.5.4",
      "resolved": "https://registry.npmjs.org/elliptic/-/elliptic-6.5.4.tgz",
      "integrity": "sha512-iLhC6ULemrljPZb+QutR5TQGB+pdW6KGD5RSegS+8sorOZT+rdQFbsQFJgvN3eRqNALqJer4oQ16YvJHlU8hzQ==",
      "requires": {
        "bn.js": "^4.11.9",
        "brorand": "^1.1.0",
        "hash.js": "^1.0.0",
        "hmac-drbg": "^1.0.1",
        "inherits": "^2.0.4",
        "minimalistic-assert": "^1.0.1",
        "minimalistic-crypto-utils": "^1.0.1"
      }
    },
    "encodeurl": {
      "version": "1.0.2",
      "resolved": "https://registry.npmjs.org/encodeurl/-/encodeurl-1.0.2.tgz",
      "integrity": "sha1-rT/0yG7C0CkyL1oCw6mmBslbP1k="
    },
    "escape-html": {
      "version": "1.0.3",
      "resolved": "https://registry.npmjs.org/escape-html/-/escape-html-1.0.3.tgz",
      "integrity": "sha1-Aljq5NPQwJdN4cFpGI7wBR0dGYg="
    },
    "ethers": {
      "version": "5.1.4",
      "resolved": "https://registry.npmjs.org/ethers/-/ethers-5.1.4.tgz",
      "integrity": "sha512-EAPQ/fgGRu0PoR/VNFnHTMOtG/IZ0AItdW55C9T8ffmVu0rnyllZL404eBF66elJehOLz2kxnUrhXpE7TCpW7g==",
      "requires": {
        "@ethersproject/abi": "5.1.2",
        "@ethersproject/abstract-provider": "5.1.0",
        "@ethersproject/abstract-signer": "5.1.0",
        "@ethersproject/address": "5.1.0",
        "@ethersproject/base64": "5.1.0",
        "@ethersproject/basex": "5.1.0",
        "@ethersproject/bignumber": "5.1.1",
        "@ethersproject/bytes": "5.1.0",
        "@ethersproject/constants": "5.1.0",
        "@ethersproject/contracts": "5.1.1",
        "@ethersproject/hash": "5.1.0",
        "@ethersproject/hdnode": "5.1.0",
        "@ethersproject/json-wallets": "5.1.0",
        "@ethersproject/keccak256": "5.1.0",
        "@ethersproject/logger": "5.1.0",
        "@ethersproject/networks": "5.1.0",
        "@ethersproject/pbkdf2": "5.1.0",
        "@ethersproject/properties": "5.1.0",
        "@ethersproject/providers": "5.1.2",
        "@ethersproject/random": "5.1.0",
        "@ethersproject/rlp": "5.1.0",
        "@ethersproject/sha2": "5.1.0",
        "@ethersproject/signing-key": "5.1.0",
        "@ethersproject/solidity": "5.1.0",
        "@ethersproject/strings": "5.1.0",
        "@ethersproject/transactions": "5.1.1",
        "@ethersproject/units": "5.1.0",
        "@ethersproject/wallet": "5.1.0",
        "@ethersproject/web": "5.1.0",
        "@ethersproject/wordlists": "5.1.0"
      }
    },
    "fresh": {
      "version": "0.5.2",
      "resolved": "https://registry.npmjs.org/fresh/-/fresh-0.5.2.tgz",
      "integrity": "sha1-PYyt2Q2XZWn6g1qx+OSyOhBWBac="
    },
    "hash.js": {
      "version": "1.1.7",
      "resolved": "https://registry.npmjs.org/hash.js/-/hash.js-1.1.7.tgz",
      "integrity": "sha512-taOaskGt4z4SOANNseOviYDvjEJinIkRgmp7LbKP2YTTmVxWBl87s/uzK9r+44BclBSp2X7K1hqeNfz9JbBeXA==",
      "requires": {
        "inherits": "^2.0.3",
        "minimalistic-assert": "^1.0.1"
      }
    },
    "hmac-drbg": {
      "version": "1.0.1",
      "resolved": "https://registry.npmjs.org/hmac-drbg/-/hmac-drbg-1.0.1.tgz",
      "integrity": "sha1-0nRXAQJabHdabFRXk+1QL8DGSaE=",
      "requires": {
        "hash.js": "^1.0.3",
        "minimalistic-assert": "^1.0.0",
        "minimalistic-crypto-utils": "^1.0.1"
      }
    },
    "http-assert": {
      "version": "1.4.1",
      "resolved": "https://registry.npmjs.org/http-assert/-/http-assert-1.4.1.tgz",
      "integrity": "sha512-rdw7q6GTlibqVVbXr0CKelfV5iY8G2HqEUkhSk297BMbSpSL8crXC+9rjKoMcZZEsksX30le6f/4ul4E28gegw==",
      "requires": {
        "deep-equal": "~1.0.1",
        "http-errors": "~1.7.2"
      },
      "dependencies": {
        "http-errors": {
          "version": "1.7.3",
          "resolved": "https://registry.npmjs.org/http-errors/-/http-errors-1.7.3.tgz",
          "integrity": "sha512-ZTTX0MWrsQ2ZAhA1cejAwDLycFsd7I7nVtnkT3Ol0aqodaKW+0CTZDQ1uBv5whptCnc8e8HeRRJxRs0kmm/Qfw==",
          "requires": {
            "depd": "~1.1.2",
            "inherits": "2.0.4",
            "setprototypeof": "1.1.1",
            "statuses": ">= 1.5.0 < 2",
            "toidentifier": "1.0.0"
          }
        },
        "setprototypeof": {
          "version": "1.1.1",
          "resolved": "https://registry.npmjs.org/setprototypeof/-/setprototypeof-1.1.1.tgz",
          "integrity": "sha512-JvdAWfbXeIGaZ9cILp38HntZSFSo3mWg6xGcJJsd+d4aRMOqauag1C63dJfDw7OaMYwEbHMOxEZ1lqVRYP2OAw=="
        }
      }
    },
    "http-errors": {
      "version": "1.8.0",
      "resolved": "https://registry.npmjs.org/http-errors/-/http-errors-1.8.0.tgz",
      "integrity": "sha512-4I8r0C5JDhT5VkvI47QktDW75rNlGVsUf/8hzjCC/wkWI/jdTRmBb9aI7erSG82r1bjKY3F6k28WnsVxB1C73A==",
      "requires": {
        "depd": "~1.1.2",
        "inherits": "2.0.4",
        "setprototypeof": "1.2.0",
        "statuses": ">= 1.5.0 < 2",
        "toidentifier": "1.0.0"
      }
    },
    "inherits": {
      "version": "2.0.4",
      "resolved": "https://registry.npmjs.org/inherits/-/inherits-2.0.4.tgz",
      "integrity": "sha512-k/vGaX4/Yla3WzyMCvTQOXYeIHvqOKtnqBduzTHpzpQZzAskKMhZ2K+EnBiSM9zGSoIFeMpXKxa4dYeZIQqewQ=="
    },
    "is-generator-function": {
      "version": "1.0.9",
      "resolved": "https://registry.npmjs.org/is-generator-function/-/is-generator-function-1.0.9.tgz",
      "integrity": "sha512-ZJ34p1uvIfptHCN7sFTjGibB9/oBg17sHqzDLfuwhvmN/qLVvIQXRQ8licZQ35WJ8KuEQt/etnnzQFI9C9Ue/A=="
    },
    "isarray": {
      "version": "1.0.0",
      "resolved": "https://registry.npmjs.org/isarray/-/isarray-1.0.0.tgz",
      "integrity": "sha1-u5NdSFgsuhaMBoNJV6VKPgcSTxE="
    },
    "js-sha3": {
      "version": "0.5.7",
      "resolved": "https://registry.npmjs.org/js-sha3/-/js-sha3-0.5.7.tgz",
      "integrity": "sha1-DU/9gALVMzqrr0oj7tL2N0yfKOc="
    },
    "kareem": {
      "version": "2.3.2",
      "resolved": "https://registry.npmjs.org/kareem/-/kareem-2.3.2.tgz",
      "integrity": "sha512-STHz9P7X2L4Kwn72fA4rGyqyXdmrMSdxqHx9IXon/FXluXieaFA6KJ2upcHAHxQPQ0LeM/OjLrhFxifHewOALQ=="
    },
    "keygrip": {
      "version": "1.1.0",
      "resolved": "https://registry.npmjs.org/keygrip/-/keygrip-1.1.0.tgz",
      "integrity": "sha512-iYSchDJ+liQ8iwbSI2QqsQOvqv58eJCEanyJPJi+Khyu8smkcKSFUCbPwzFcL7YVtZ6eONjqRX/38caJ7QjRAQ==",
      "requires": {
        "tsscmp": "1.0.6"
      }
    },
    "koa": {
      "version": "2.13.1",
      "resolved": "https://registry.npmjs.org/koa/-/koa-2.13.1.tgz",
      "integrity": "sha512-Lb2Dloc72auj5vK4X4qqL7B5jyDPQaZucc9sR/71byg7ryoD1NCaCm63CShk9ID9quQvDEi1bGR/iGjCG7As3w==",
      "requires": {
        "accepts": "^1.3.5",
        "cache-content-type": "^1.0.0",
        "content-disposition": "~0.5.2",
        "content-type": "^1.0.4",
        "cookies": "~0.8.0",
        "debug": "~3.1.0",
        "delegates": "^1.0.0",
        "depd": "^2.0.0",
        "destroy": "^1.0.4",
        "encodeurl": "^1.0.2",
        "escape-html": "^1.0.3",
        "fresh": "~0.5.2",
        "http-assert": "^1.3.0",
        "http-errors": "^1.6.3",
        "is-generator-function": "^1.0.7",
        "koa-compose": "^4.1.0",
        "koa-convert": "^1.2.0",
        "on-finished": "^2.3.0",
        "only": "~0.0.2",
        "parseurl": "^1.3.2",
        "statuses": "^1.5.0",
        "type-is": "^1.6.16",
        "vary": "^1.1.2"
      },
      "dependencies": {
        "debug": {
          "version": "3.1.0",
          "resolved": "https://registry.npmjs.org/debug/-/debug-3.1.0.tgz",
          "integrity": "sha512-OX8XqP7/1a9cqkxYw2yXss15f26NKWBpDXQd0/uK/KPqdQhxbPa994hnzjcE2VqQpDslf55723cKPUOGSmMY3g==",
          "requires": {
            "ms": "2.0.0"
          }
        },
        "depd": {
          "version": "2.0.0",
          "resolved": "https://registry.npmjs.org/depd/-/depd-2.0.0.tgz",
          "integrity": "sha512-g7nH6P6dyDioJogAAGprGpCtVImJhpPk/roCzdb3fIh61/s/nPsfR6onyMwkCAR/OlC3yBC0lESvUoQEAssIrw=="
        },
        "ms": {
          "version": "2.0.0",
          "resolved": "https://registry.npmjs.org/ms/-/ms-2.0.0.tgz",
          "integrity": "sha1-VgiurfwAvmwpAd9fmGF4jeDVl8g="
        }
      }
    },
    "koa-compose": {
      "version": "4.1.0",
      "resolved": "https://registry.npmjs.org/koa-compose/-/koa-compose-4.1.0.tgz",
      "integrity": "sha512-8ODW8TrDuMYvXRwra/Kh7/rJo9BtOfPc6qO8eAfC80CnCvSjSl0bkRM24X6/XBBEyj0v1nRUQ1LyOy3dbqOWXw=="
    },
    "koa-convert": {
      "version": "1.2.0",
      "resolved": "https://registry.npmjs.org/koa-convert/-/koa-convert-1.2.0.tgz",
      "integrity": "sha1-2kCHXfSd4FOQmNFwC1CCDOvNIdA=",
      "requires": {
        "co": "^4.6.0",
        "koa-compose": "^3.0.0"
      },
      "dependencies": {
        "koa-compose": {
          "version": "3.2.1",
          "resolved": "https://registry.npmjs.org/koa-compose/-/koa-compose-3.2.1.tgz",
          "integrity": "sha1-qFzLQLfZhtjlo0Wzoazo6rz1Tec=",
          "requires": {
            "any-promise": "^1.1.0"
          }
        }
      }
    },
    "media-typer": {
      "version": "0.3.0",
      "resolved": "https://registry.npmjs.org/media-typer/-/media-typer-0.3.0.tgz",
      "integrity": "sha1-hxDXrwqmJvj/+hzgAWhUUmMlV0g="
    },
    "memory-pager": {
      "version": "1.5.0",
      "resolved": "https://registry.npmjs.org/memory-pager/-/memory-pager-1.5.0.tgz",
      "integrity": "sha512-ZS4Bp4r/Zoeq6+NLJpP+0Zzm0pR8whtGPf1XExKLJBAczGMnSi3It14OiNCStjQjM6NU1okjQGSxgEZN8eBYKg==",
      "optional": true
    },
    "methods": {
      "version": "1.1.2",
      "resolved": "https://registry.npmjs.org/methods/-/methods-1.1.2.tgz",
      "integrity": "sha1-VSmk1nZUE07cxSZmVoNbD4Ua/O4="
    },
    "mime-db": {
      "version": "1.47.0",
      "resolved": "https://registry.npmjs.org/mime-db/-/mime-db-1.47.0.tgz",
      "integrity": "sha512-QBmA/G2y+IfeS4oktet3qRZ+P5kPhCKRXxXnQEudYqUaEioAU1/Lq2us3D/t1Jfo4hE9REQPrbB7K5sOczJVIw=="
    },
    "mime-types": {
      "version": "2.1.30",
      "resolved": "https://registry.npmjs.org/mime-types/-/mime-types-2.1.30.tgz",
      "integrity": "sha512-crmjA4bLtR8m9qLpHvgxSChT+XoSlZi8J4n/aIdn3z92e/U47Z0V/yl+Wh9W046GgFVAmoNR/fmdbZYcSSIUeg==",
      "requires": {
        "mime-db": "1.47.0"
      }
    },
    "minimalistic-assert": {
      "version": "1.0.1",
      "resolved": "https://registry.npmjs.org/minimalistic-assert/-/minimalistic-assert-1.0.1.tgz",
      "integrity": "sha512-UtJcAD4yEaGtjPezWuO9wC4nwUnVH/8/Im3yEHQP4b67cXlD/Qr9hdITCU1xDbSEXg2XKNaP8jsReV7vQd00/A=="
    },
    "minimalistic-crypto-utils": {
      "version": "1.0.1",
      "resolved": "https://registry.npmjs.org/minimalistic-crypto-utils/-/minimalistic-crypto-utils-1.0.1.tgz",
      "integrity": "sha1-9sAMHAsIIkblxNmd+4x8CDsrWCo="
    },
    "mongodb": {
      "version": "3.6.6",
      "resolved": "https://registry.npmjs.org/mongodb/-/mongodb-3.6.6.tgz",
      "integrity": "sha512-WlirMiuV1UPbej5JeCMqE93JRfZ/ZzqE7nJTwP85XzjAF4rRSeq2bGCb1cjfoHLOF06+HxADaPGqT0g3SbVT1w==",
      "requires": {
        "bl": "^2.2.1",
        "bson": "^1.1.4",
        "denque": "^1.4.1",
        "optional-require": "^1.0.2",
        "safe-buffer": "^5.1.2",
        "saslprep": "^1.0.0"
      }
    },
    "mongoose": {
      "version": "5.12.7",
      "resolved": "https://registry.npmjs.org/mongoose/-/mongoose-5.12.7.tgz",
      "integrity": "sha512-BniNwACn7uflK2h+M3juvyLH5nn9JDFgnB5KE2EwWFwSrRyhSpPnCtanRKJW3OtMCJyPccMIjtGZxHNW7JfnIw==",
      "requires": {
        "@types/mongodb": "^3.5.27",
        "bson": "^1.1.4",
        "kareem": "2.3.2",
        "mongodb": "3.6.6",
        "mongoose-legacy-pluralize": "1.0.2",
        "mpath": "0.8.3",
        "mquery": "3.2.5",
        "ms": "2.1.2",
        "regexp-clone": "1.0.0",
        "safe-buffer": "5.2.1",
        "sift": "13.5.2",
        "sliced": "1.0.1"
      },
      "dependencies": {
        "safe-buffer": {
          "version": "5.2.1",
          "resolved": "https://registry.npmjs.org/safe-buffer/-/safe-buffer-5.2.1.tgz",
          "integrity": "sha512-rp3So07KcdmmKbGvgaNxQSJr7bGVSVk5S9Eq1F+ppbRo70+YeaDxkw5Dd8NPN+GD6bjnYm2VuPuCXmpuYvmCXQ=="
        }
      }
    },
    "mongoose-legacy-pluralize": {
      "version": "1.0.2",
      "resolved": "https://registry.npmjs.org/mongoose-legacy-pluralize/-/mongoose-legacy-pluralize-1.0.2.tgz",
      "integrity": "sha512-Yo/7qQU4/EyIS8YDFSeenIvXxZN+ld7YdV9LqFVQJzTLye8unujAWPZ4NWKfFA+RNjh+wvTWKY9Z3E5XM6ZZiQ=="
    },
    "mpath": {
      "version": "0.8.3",
      "resolved": "https://registry.npmjs.org/mpath/-/mpath-0.8.3.tgz",
      "integrity": "sha512-eb9rRvhDltXVNL6Fxd2zM9D4vKBxjVVQNLNijlj7uoXUy19zNDsIif5zR+pWmPCWNKwAtqyo4JveQm4nfD5+eA=="
    },
    "mquery": {
      "version": "3.2.5",
      "resolved": "https://registry.npmjs.org/mquery/-/mquery-3.2.5.tgz",
      "integrity": "sha512-VjOKHHgU84wij7IUoZzFRU07IAxd5kWJaDmyUzQlbjHjyoeK5TNeeo8ZsFDtTYnSgpW6n/nMNIHvE3u8Lbrf4A==",
      "requires": {
        "bluebird": "3.5.1",
        "debug": "3.1.0",
        "regexp-clone": "^1.0.0",
        "safe-buffer": "5.1.2",
        "sliced": "1.0.1"
      },
      "dependencies": {
        "debug": {
          "version": "3.1.0",
          "resolved": "https://registry.npmjs.org/debug/-/debug-3.1.0.tgz",
          "integrity": "sha512-OX8XqP7/1a9cqkxYw2yXss15f26NKWBpDXQd0/uK/KPqdQhxbPa994hnzjcE2VqQpDslf55723cKPUOGSmMY3g==",
          "requires": {
            "ms": "2.0.0"
          }
        },
        "ms": {
          "version": "2.0.0",
          "resolved": "https://registry.npmjs.org/ms/-/ms-2.0.0.tgz",
          "integrity": "sha1-VgiurfwAvmwpAd9fmGF4jeDVl8g="
        }
      }
    },
    "ms": {
      "version": "2.1.2",
      "resolved": "https://registry.npmjs.org/ms/-/ms-2.1.2.tgz",
      "integrity": "sha512-sGkPx+VjMtmA6MX27oA4FBFELFCZZ4S4XqeGOXCv68tT+jb3vk/RyaKWP0PTKyWtmLSM0b+adUTEvbs1PEaH2w=="
    },
    "negotiator": {
      "version": "0.6.2",
      "resolved": "https://registry.npmjs.org/negotiator/-/negotiator-0.6.2.tgz",
      "integrity": "sha512-hZXc7K2e+PgeI1eDBe/10Ard4ekbfrrqG8Ep+8Jmf4JID2bNg7NvCPOZN+kfF574pFQI7mum2AUqDidoKqcTOw=="
    },
    "on-finished": {
      "version": "2.3.0",
      "resolved": "https://registry.npmjs.org/on-finished/-/on-finished-2.3.0.tgz",
      "integrity": "sha1-IPEzZIGwg811M3mSoWlxqi2QaUc=",
      "requires": {
        "ee-first": "1.1.1"
      }
    },
    "only": {
      "version": "0.0.2",
      "resolved": "https://registry.npmjs.org/only/-/only-0.0.2.tgz",
      "integrity": "sha1-Kv3oTQPlC5qO3EROMGEKcCle37Q="
    },
    "optional-require": {
      "version": "1.0.3",
      "resolved": "https://registry.npmjs.org/optional-require/-/optional-require-1.0.3.tgz",
      "integrity": "sha512-RV2Zp2MY2aeYK5G+B/Sps8lW5NHAzE5QClbFP15j+PWmP+T9PxlJXBOOLoSAdgwFvS4t0aMR4vpedMkbHfh0nA=="
    },
    "parseurl": {
      "version": "1.3.3",
      "resolved": "https://registry.npmjs.org/parseurl/-/parseurl-1.3.3.tgz",
      "integrity": "sha512-CiyeOxFT/JZyN5m0z9PfXw4SCBJ6Sygz1Dpl0wqjlhDEGGBP1GnsUVEL0p63hoG1fcj3fHynXi9NYO4nWOL+qQ=="
    },
    "path-to-regexp": {
      "version": "6.2.0",
      "resolved": "https://registry.npmjs.org/path-to-regexp/-/path-to-regexp-6.2.0.tgz",
      "integrity": "sha512-f66KywYG6+43afgE/8j/GoiNyygk/bnoCbps++3ErRKsIYkGGupyv07R2Ok5m9i67Iqc+T2g1eAUGUPzWhYTyg=="
    },
    "process-nextick-args": {
      "version": "2.0.1",
      "resolved": "https://registry.npmjs.org/process-nextick-args/-/process-nextick-args-2.0.1.tgz",
      "integrity": "sha512-3ouUOpQhtgrbOa17J7+uxOTpITYWaGP7/AhoR3+A+/1e9skrzelGi/dXzEYyvbxubEF6Wn2ypscTKiKJFFn1ag=="
    },
    "readable-stream": {
      "version": "2.3.7",
      "resolved": "https://registry.npmjs.org/readable-stream/-/readable-stream-2.3.7.tgz",
      "integrity": "sha512-Ebho8K4jIbHAxnuxi7o42OrZgF/ZTNcsZj6nRKyUmkhLFq8CHItp/fy6hQZuZmP/n3yZ9VBUbp4zz/mX8hmYPw==",
      "requires": {
        "core-util-is": "~1.0.0",
        "inherits": "~2.0.3",
        "isarray": "~1.0.0",
        "process-nextick-args": "~2.0.0",
        "safe-buffer": "~5.1.1",
        "string_decoder": "~1.1.1",
        "util-deprecate": "~1.0.1"
      }
    },
    "regexp-clone": {
      "version": "1.0.0",
      "resolved": "https://registry.npmjs.org/regexp-clone/-/regexp-clone-1.0.0.tgz",
      "integrity": "sha512-TuAasHQNamyyJ2hb97IuBEif4qBHGjPHBS64sZwytpLEqtBQ1gPJTnOaQ6qmpET16cK14kkjbazl6+p0RRv0yw=="
    },
    "safe-buffer": {
      "version": "5.1.2",
      "resolved": "https://registry.npmjs.org/safe-buffer/-/safe-buffer-5.1.2.tgz",
      "integrity": "sha512-Gd2UZBJDkXlY7GbJxfsE8/nvKkUEU1G38c1siN6QP6a9PT9MmHB8GnpscSmMJSoF8LOIrt8ud/wPtojys4G6+g=="
    },
    "saslprep": {
      "version": "1.0.3",
      "resolved": "https://registry.npmjs.org/saslprep/-/saslprep-1.0.3.tgz",
      "integrity": "sha512-/MY/PEMbk2SuY5sScONwhUDsV2p77Znkb/q3nSVstq/yQzYJOH/Azh29p9oJLsl3LnQwSvZDKagDGBsBwSooag==",
      "optional": true,
      "requires": {
        "sparse-bitfield": "^3.0.3"
      }
    },
    "scrypt-js": {
      "version": "3.0.1",
      "resolved": "https://registry.npmjs.org/scrypt-js/-/scrypt-js-3.0.1.tgz",
      "integrity": "sha512-cdwTTnqPu0Hyvf5in5asVdZocVDTNRmR7XEcJuIzMjJeSHybHl7vpB66AzwTaIg6CLSbtjcxc8fqcySfnTkccA=="
    },
    "setprototypeof": {
      "version": "1.2.0",
      "resolved": "https://registry.npmjs.org/setprototypeof/-/setprototypeof-1.2.0.tgz",
      "integrity": "sha512-E5LDX7Wrp85Kil5bhZv46j8jOeboKq5JMmYM3gVGdGH8xFpPWXUMsNrlODCrkoxMEeNi/XZIwuRvY4XNwYMJpw=="
    },
    "sift": {
      "version": "13.5.2",
      "resolved": "https://registry.npmjs.org/sift/-/sift-13.5.2.tgz",
      "integrity": "sha512-+gxdEOMA2J+AI+fVsCqeNn7Tgx3M9ZN9jdi95939l1IJ8cZsqS8sqpJyOkic2SJk+1+98Uwryt/gL6XDaV+UZA=="
    },
    "sliced": {
      "version": "1.0.1",
      "resolved": "https://registry.npmjs.org/sliced/-/sliced-1.0.1.tgz",
      "integrity": "sha1-CzpmK10Ewxd7GSa+qCsD+Dei70E="
    },
    "sparse-bitfield": {
      "version": "3.0.3",
      "resolved": "https://registry.npmjs.org/sparse-bitfield/-/sparse-bitfield-3.0.3.tgz",
      "integrity": "sha1-/0rm5oZWBWuks+eSqzM004JzyhE=",
      "optional": true,
      "requires": {
        "memory-pager": "^1.0.2"
      }
    },
    "statuses": {
      "version": "1.5.0",
      "resolved": "https://registry.npmjs.org/statuses/-/statuses-1.5.0.tgz",
      "integrity": "sha1-Fhx9rBd2Wf2YEfQ3cfqZOBR4Yow="
    },
    "string_decoder": {
      "version": "1.1.1",
      "resolved": "https://registry.npmjs.org/string_decoder/-/string_decoder-1.1.1.tgz",
      "integrity": "sha512-n/ShnvDi6FHbbVfviro+WojiFzv+s8MPMHBczVePfUpDJLwoLT0ht1l4YwBCbi8pJAveEEdnkHyPyTP/mzRfwg==",
      "requires": {
        "safe-buffer": "~5.1.0"
      }
    },
    "toidentifier": {
      "version": "1.0.0",
      "resolved": "https://registry.npmjs.org/toidentifier/-/toidentifier-1.0.0.tgz",
      "integrity": "sha512-yaOH/Pk/VEhBWWTlhI+qXxDFXlejDGcQipMlyxda9nthulaxLZUNcUqFxokp0vcYnvteJln5FNQDRrxj3YcbVw=="
    },
    "tsscmp": {
      "version": "1.0.6",
      "resolved": "https://registry.npmjs.org/tsscmp/-/tsscmp-1.0.6.tgz",
      "integrity": "sha512-LxhtAkPDTkVCMQjt2h6eBVY28KCjikZqZfMcC15YBeNjkgUpdCfBu5HoiOTDu86v6smE8yOjyEktJ8hlbANHQA=="
    },
    "type-is": {
      "version": "1.6.18",
      "resolved": "https://registry.npmjs.org/type-is/-/type-is-1.6.18.tgz",
      "integrity": "sha512-TkRKr9sUTxEH8MdfuCSP7VizJyzRNMjj2J2do2Jr3Kym598JVdEksuzPQCnlFPW4ky9Q+iA+ma9BGm06XQBy8g==",
      "requires": {
        "media-typer": "0.3.0",
        "mime-types": "~2.1.24"
      }
    },
    "util-deprecate": {
      "version": "1.0.2",
      "resolved": "https://registry.npmjs.org/util-deprecate/-/util-deprecate-1.0.2.tgz",
      "integrity": "sha1-RQ1Nyfpw3nMnYvvS1KKJgUGaDM8="
    },
    "vary": {
      "version": "1.1.2",
      "resolved": "https://registry.npmjs.org/vary/-/vary-1.1.2.tgz",
      "integrity": "sha1-IpnwLG3tMNSllhsLn3RSShj2NPw="
    },
    "ws": {
      "version": "7.2.3",
      "resolved": "https://registry.npmjs.org/ws/-/ws-7.2.3.tgz",
      "integrity": "sha512-HTDl9G9hbkNDk98naoR/cHDws7+EyYMOdL1BmjsZXRUjf7d+MficC4B7HLUPlSiho0vg+CWKrGIt/VJBd1xunQ=="
    },
    "ylru": {
      "version": "1.2.1",
      "resolved": "https://registry.npmjs.org/ylru/-/ylru-1.2.1.tgz",
      "integrity": "sha512-faQrqNMzcPCHGVC2aaOINk13K+aaBDUPjGWl0teOXywElLjyVAB6Oe2jj62jHYtwsU49jXhScYbvPENK+6zAvQ=="
    }
  }
}
